
Microsoft Visual Studio Solution File, Format Version 11.00
# Visual Studio 2010
Project("{FAE04EC0-301F-11D3-BF4B-00C04F79EFBC}") = "Assembly-CSharp", "Assembly-CSharp.csproj", "{42D64EA4-C554-8A70-B664-AFF6C974DEFE}"
EndProject
Project("{FAE04EC0-301F-11D3-BF4B-00C04F79EFBC}") = "Assembly-CSharp-Editor", "Assembly-CSharp-Editor.csproj", "{9E2275EE-1DE4-B8DC-74E5-A657D5511045}"
EndProject
Global
	GlobalSection(SolutionConfigurationPlatforms) = preSolution
		Debug|Any CPU = Debug|Any CPU
		Release|Any CPU = Release|Any CPU
	EndGlobalSection
	GlobalSection(ProjectConfigurationPlatforms) = postSolution
		{42D64EA4-C554-8A70-B664-AFF6C974DEFE}.Debug|Any CPU.ActiveCfg = Debug|Any CPU
		{42D64EA4-C554-8A70-B664-AFF6C974DEFE}.Debug|Any CPU.Build.0 = Debug|Any CPU
		{42D64EA4-C554-8A70-B664-AFF6C974DEFE}.Release|Any CPU.ActiveCfg = Release|Any CPU
		{42D64EA4-C554-8A70-B664-AFF6C974DEFE}.Release|Any CPU.Build.0 = Release|Any CPU
		{9E2275EE-1DE4-B8DC-74E5-A657D5511045}.Debug|Any CPU.ActiveCfg = Debug|Any CPU
		{9E2275EE-1DE4-B8DC-74E5-A657D5511045}.Debug|Any CPU.Build.0 = Debug|Any CPU
		{9E2275EE-1DE4-B8DC-74E5-A657D5511045}.Release|Any CPU.ActiveCfg = Release|Any CPU
		{9E2275EE-1DE4-B8DC-74E5-A657D5511045}.Release|Any CPU.Build.0 = Release|Any CPU
	EndGlobalSection
	GlobalSection(SolutionProperties) = preSolution
		HideSolutionNode = FALSE
	EndGlobalSection
EndGlobal
